# Records the analysis as it stood when the Methods were last read against it.
# Written by `manuscript-guard methods --reconcile`. Re-run it after you have
# re-read the Methods, not merely after the code changed: the point of the file
# is that a person looked.

schema: manuscript-guard/methods-lock/1
reconciled_on: '2026-08-03'
parameters: {}
analysis:
  analysis/00_simulate.py: 1597ab87090780aebfb9560def1d5e7c9d46c6c90aecc824ebd0ecd84383e299
  analysis/01_disproportionality.py: e502a12406852561654d4f36e88a89c6ce277855842e9190a37f483758d0fb44
